Microsoft Visual Studio Solution File, Format Version 12.00
# Visual Studio Version 17
VisualStudioVersion = 17.14.36623.8
MinimumVisualStudioVersion = 10.0.40219.1
Project("{FAE04EC0-301F-11D3-BF4B-00C04F79EFBC}") = "DataEditorX", "DataEditorX\DataEditorX.csproj", "{3FA42393-3D90-4DE1-93FC-33FCB3045845}"
EndProject
Global
	GlobalSection(SolutionConfigurationPlatforms) = preSolution
		Debug|x64 = Debug|x64
		Release|x64 = Release|x64
	EndGlobalSection
	GlobalSection(ProjectConfigurationPlatforms) = postSolution
		{3FA42393-3D90-4DE1-93FC-33FCB3045845}.Debug|x64.ActiveCfg = Debug|x64
		{3FA42393-3D90-4DE1-93FC-33FCB3045845}.Debug|x64.Build.0 = Debug|x64
		{3FA42393-3D90-4DE1-93FC-33FCB3045845}.Release|x64.ActiveCfg = Release|x64
		{3FA42393-3D90-4DE1-93FC-33FCB3045845}.Release|x64.Build.0 = Release|x64
	EndGlobalSection
	GlobalSection(SolutionProperties) = preSolution
		HideSolutionNode = FALSE
	EndGlobalSection
	GlobalSection(ExtensibilityGlobals) = postSolution
		SolutionGuid = {87ABBEBF-7A56-4F54-9FF9-5F251FA17B5D}
	EndGlobalSection
EndGlobal
